// !$*UTF8*$!
{
	archiveVersion = 1;
	classes = {
	};
	objectVersion = 50;
	objects = {

/* Begin PBXBuildFile section */
		8411EB7025B9B98B00065143 /* tabbar.swift in Sources */ = {isa = PBXBuildFile; fileRef = 8411EB6F25B9B98B00065143 /* tabbar.swift */; };
		8427D5E225B945FC00183BF7 /* AppDelegate.swift in Sources */ = {isa = PBXBuildFile; fileRef = 8427D5E125B945FC00183BF7 /* AppDelegate.swift */; };
		8427D5E425B945FC00183BF7 /* SceneDelegate.swift in Sources */ = {isa = PBXBuildFile; fileRef = 8427D5E325B945FC00183BF7 /* SceneDelegate.swift */; };
		8427D5E625B945FC00183BF7 /* ViewController.swift in Sources */ = {isa = PBXBuildFile; fileRef = 8427D5E525B945FC00183BF7 /* ViewController.swift */; };
		8427D5E925B945FC00183BF7 /* Main.storyboard in Resources */ = {isa = PBXBuildFile; fileRef = 8427D5E725B945FC00183BF7 /* Main.storyboard */; };
		8427D5EB25B9460500183BF7 /* Assets.xcassets in Resources */ = {isa = PBXBuildFile; fileRef = 8427D5EA25B9460500183BF7 /* Assets.xcassets */; };
		8427D5EE25B9460500183BF7 /* LaunchScreen.storyboard in Resources */ = {isa = PBXBuildFile; fileRef = 8427D5EC25B9460500183BF7 /* LaunchScreen.storyboard */; };
		8427D5F925B9460500183BF7 /* BasicProjectTests.swift in Sources */ = {isa = PBXBuildFile; fileRef = 8427D5F825B9460500183BF7 /* BasicProjectTests.swift */; };
		8427D60425B9460600183BF7 /* BasicProjectUITests.swift in Sources */ = {isa = PBXBuildFile; fileRef = 8427D60325B9460600183BF7 /* BasicProjectUITests.swift */; };
		8427D61225B95FD500183BF7 /* FloatingPlaceholder.swift in Sources */ = {isa = PBXBuildFile; fileRef = 8427D61125B95FD500183BF7 /* FloatingPlaceholder.swift */; };
		8427D61425B9855A00183BF7 /* SignupViewController.swift in Sources */ = {isa = PBXBuildFile; fileRef = 8427D61325B9855A00183BF7 /* SignupViewController.swift */; };
/* End PBXBuildFile section */

/* Begin PBXContainerItemProxy section */
		8427D5F525B9460500183BF7 /* PBXContainerItemProxy */ = {
			isa = PBXContainerItemProxy;
			containerPortal = 8427D5D625B945FC00183BF7 /* Project object */;
			proxyType = 1;
			remoteGlobalIDString = 8427D5DD25B945FC00183BF7;
			remoteInfo = BasicProject;
		};
		8427D60025B9460600183BF7 /* PBXContainerItemProxy */ = {
			isa = PBXContainerItemProxy;
			containerPortal = 8427D5D625B945FC00183BF7 /* Project object */;
			proxyType = 1;
			remoteGlobalIDString = 8427D5DD25B945FC00183BF7;
			remoteInfo = BasicProject;
		};
/* End PBXContainerItemProxy section */

/* Begin PBXFileReference section */
		8411EB6F25B9B98B00065143 /* tabbar.swift */ = {isa = PBXFileReference; lastKnownFileType = sourcecode.swift; path = tabbar.swift; sourceTree = "<group>"; };
		8427D5DE25B945FC00183BF7 /* BasicProject.app */ = {isa = PBXFileReference; explicitFileType = wrapper.application; includeInIndex = 0; path = BasicProject.app; sourceTree = BUILT_PRODUCTS_DIR; };
		8427D5E125B945FC00183BF7 /* AppDelegate.swift */ = {isa = PBXFileReference; lastKnownFileType = sourcecode.swift; path = AppDelegate.swift; sourceTree = "<group>"; };
		8427D5E325B945FC00183BF7 /* SceneDelegate.swift */ = {isa = PBXFileReference; lastKnownFileType = sourcecode.swift; path = SceneDelegate.swift; sourceTree = "<group>"; };
		8427D5E525B945FC00183BF7 /* ViewController.swift */ = {isa = PBXFileReference; lastKnownFileType = sourcecode.swift; path = ViewController.swift; sourceTree = "<group>"; };
		8427D5E825B945FC00183BF7 /* Base */ = {isa = PBXFileReference; lastKnownFileType = file.storyboard; name = Base; path = Base.lproj/Main.storyboard; sourceTree = "<group>"; };
		8427D5EA25B9460500183BF7 /* Assets.xcassets */ = {isa = PBXFileReference; lastKnownFileType = folder.assetcatalog; path = Assets.xcassets; sourceTree = "<group>"; };
		8427D5ED25B9460500183BF7 /* Base */ = {isa = PBXFileReference; lastKnownFileType = file.storyboard; name = Base; path = Base.lproj/LaunchScreen.storyboard; sourceTree = "<group>"; };
		8427D5EF25B9460500183BF7 /* Info.plist */ = {isa = PBXFileReference; lastKnownFileType = text.plist.xml; path = Info.plist; sourceTree = "<group>"; };
		8427D5F425B9460500183BF7 /* BasicProjectTests.xctest */ = {isa = PBXFileReference; explicitFileType = wrapper.cfbundle; includeInIndex = 0; path = BasicProjectTests.xctest; sourceTree = BUILT_PRODUCTS_DIR; };
		8427D5F825B9460500183BF7 /* BasicProjectTests.swift */ = {isa = PBXFileReference; lastKnownFileType = sourcecode.swift; path = BasicProjectTests.swift; sourceTree = "<group>"; };
		8427D5FA25B9460500183BF7 /* Info.plist */ = {isa = PBXFileReference; lastKnownFileType = text.plist.xml; path = Info.plist; sourceTree = "<group>"; };
		8427D5FF25B9460600183BF7 /* BasicProjectUITests.xctest */ = {isa = PBXFileReference; explicitFileType = wrapper.cfbundle; includeInIndex = 0; path = BasicProjectUITests.xctest; sourceTree = BUILT_PRODUCTS_DIR; };
		8427D60325B9460600183BF7 /* BasicProjectUITests.swift */ = {isa = PBXFileReference; lastKnownFileType = sourcecode.swift; path = BasicProjectUITests.swift; sourceTree = "<group>"; };
		8427D60525B9460600183BF7 /* Info.plist */ = {isa = PBXFileReference; lastKnownFileType = text.plist.xml; path = Info.plist; sourceTree = "<group>"; };
		8427D61125B95FD500183BF7 /* FloatingPlaceholder.swift */ = {isa = PBXFileReference; fileEncoding = 4; lastKnownFileType = sourcecode.swift; path = FloatingPlaceholder.swift; sourceTree = "<group>"; };
		8427D61325B9855A00183BF7 /* SignupViewController.swift */ = {isa = PBXFileReference; lastKnownFileType = sourcecode.swift; path = SignupViewController.swift; sourceTree = "<group>"; };
/* End PBXFileReference section */

/* Begin PBXFrameworksBuildPhase section */
		8427D5DB25B945FC00183BF7 /* Frameworks */ = {
			isa = PBXFrameworksBuildPhase;
			buildActionMask = 2147483647;
			files = (
			);
			runOnlyForDeploymentPostprocessing = 0;
		};
		8427D5F125B9460500183BF7 /* Frameworks */ = {
			isa = PBXFrameworksBuildPhase;
			buildActionMask = 2147483647;
			files = (
			);
			runOnlyForDeploymentPostprocessing = 0;
		};
		8427D5FC25B9460600183BF7 /* Frameworks */ = {
			isa = PBXFrameworksBuildPhase;
			buildActionMask = 2147483647;
			files = (
			);
			runOnlyForDeploymentPostprocessing = 0;
		};
/* End PBXFrameworksBuildPhase section */

/* Begin PBXGroup section */
		8427D5D525B945FC00183BF7 = {
			isa = PBXGroup;
			children = (
				8427D5E025B945FC00183BF7 /* BasicProject */,
				8427D5F725B9460500183BF7 /* BasicProjectTests */,
				8427D60225B9460600183BF7 /* BasicProjectUITests */,
				8427D5DF25B945FC00183BF7 /* Products */,
			);
			sourceTree = "<group>";
		};
		8427D5DF25B945FC00183BF7 /* Products */ = {
			isa = PBXGroup;
			children = (
				8427D5DE25B945FC00183BF7 /* BasicProject.app */,
				8427D5F425B9460500183BF7 /* BasicProjectTests.xctest */,
				8427D5FF25B9460600183BF7 /* BasicProjectUITests.xctest */,
			);
			name = Products;
			sourceTree = "<group>";
		};
		8427D5E025B945FC00183BF7 /* BasicProject */ = {
			isa = PBXGroup;
			children = (
				8427D5E125B945FC00183BF7 /* AppDelegate.swift */,
				8427D5E325B945FC00183BF7 /* SceneDelegate.swift */,
				8427D5E525B945FC00183BF7 /* ViewController.swift */,
				8427D61325B9855A00183BF7 /* SignupViewController.swift */,
				8427D5E725B945FC00183BF7 /* Main.storyboard */,
				8427D5EA25B9460500183BF7 /* Assets.xcassets */,
				8427D5EC25B9460500183BF7 /* LaunchScreen.storyboard */,
				8427D5EF25B9460500183BF7 /* Info.plist */,
				8427D61125B95FD500183BF7 /* FloatingPlaceholder.swift */,
				8411EB6F25B9B98B00065143 /* tabbar.swift */,
			);
			path = BasicProject;
			sourceTree = "<group>";
		};
		8427D5F725B9460500183BF7 /* BasicProjectTests */ = {
			isa = PBXGroup;
			children = (
				8427D5F825B9460500183BF7 /* BasicProjectTests.swift */,
				8427D5FA25B9460500183BF7 /* Info.plist */,
			);
			path = BasicProjectTests;
			sourceTree = "<group>";
		};
		8427D60225B9460600183BF7 /* BasicProjectUITests */ = {
			isa = PBXGroup;
			children = (
				8427D60325B9460600183BF7 /* BasicProjectUITests.swift */,
				8427D60525B9460600183BF7 /* Info.plist */,
			);
			path = BasicProjectUITests;
			sourceTree = "<group>";
		};
/* End PBXGroup section */

/* Begin PBXNativeTarget section */
		8427D5DD25B945FC00183BF7 /* BasicProject */ = {
			isa = PBXNativeTarget;
			buildConfigurationList = 8427D60825B9460600183BF7 /* Build configuration list for PBXNativeTarget "BasicProject" */;
			buildPhases = (
				8427D5DA25B945FC00183BF7 /* Sources */,
				8427D5DB25B945FC00183BF7 /* Frameworks */,
				8427D5DC25B945FC00183BF7 /* Resources */,
			);
			buildRules = (
			);
			dependencies = (
			);
			name = BasicProject;
			productName = BasicProject;
			productReference = 8427D5DE25B945FC00183BF7 /* BasicProject.app */;
			productType = "com.apple.product-type.application";
		};
		8427D5F325B9460500183BF7 /* BasicProjectTests */ = {
			isa = PBXNativeTarget;
			buildConfigurationList = 8427D60B25B9460600183BF7 /* Build configuration list for PBXNativeTarget "BasicProjectTests" */;
			buildPhases = (
				8427D5F025B9460500183BF7 /* Sources */,
				8427D5F125B9460500183BF7 /* Frameworks */,
				8427D5F225B9460500183BF7 /* Resources */,
			);
			buildRules = (
			);
			dependencies = (
				8427D5F625B9460500183BF7 /* PBXTargetDependency */,
			);
			name = BasicProjectTests;
			productName = BasicProjectTests;
			productReference = 8427D5F425B9460500183BF7 /* BasicProjectTests.xctest */;
			productType = "com.apple.product-type.bundle.unit-test";
		};
		8427D5FE25B9460600183BF7 /* BasicProjectUITests */ = {
			isa = PBXNativeTarget;
			buildConfigurationList = 8427D60E25B9460600183BF7 /* Build configuration list for PBXNativeTarget "BasicProjectUITests" */;
			buildPhases = (
				8427D5FB25B9460600183BF7 /* Sources */,
				8427D5FC25B9460600183BF7 /* Frameworks */,
				8427D5FD25B9460600183BF7 /* Resources */,
			);
			buildRules = (
			);
			dependencies = (
				8427D60125B9460600183BF7 /* PBXTargetDependency */,
			);
			name = BasicProjectUITests;
			productName = BasicProjectUITests;
			productReference = 8427D5FF25B9460600183BF7 /* BasicProjectUITests.xctest */;
			productType = "com.apple.product-type.bundle.ui-testing";
		};
/* End PBXNativeTarget section */

/* Begin PBXProject section */
		8427D5D625B945FC00183BF7 /* Project object */ = {
			isa = PBXProject;
			attributes = {
				LastSwiftUpdateCheck = 1130;
				LastUpgradeCheck = 1130;
				ORGANIZATIONNAME = Admin;
				TargetAttributes = {
					8427D5DD25B945FC00183BF7 = {
						CreatedOnToolsVersion = 11.3.1;
					};
					8427D5F325B9460500183BF7 = {
						CreatedOnToolsVersion = 11.3.1;
						TestTargetID = 8427D5DD25B945FC00183BF7;
					};
					8427D5FE25B9460600183BF7 = {
						CreatedOnToolsVersion = 11.3.1;
						TestTargetID = 8427D5DD25B945FC00183BF7;
					};
				};
			};
			buildConfigurationList = 8427D5D925B945FC00183BF7 /* Build configuration list for PBXProject "BasicProject" */;
			compatibilityVersion = "Xcode 9.3";
			developmentRegion = en;
			hasScannedForEncodings = 0;
			knownRegions = (
				en,
				Base,
			);
			mainGroup = 8427D5D525B945FC00183BF7;
			productRefGroup = 8427D5DF25B945FC00183BF7 /* Products */;
			projectDirPath = "";
			projectRoot = "";
			targets = (
				8427D5DD25B945FC00183BF7 /* BasicProject */,
				8427D5F325B9460500183BF7 /* BasicProjectTests */,
				8427D5FE25B9460600183BF7 /* BasicProjectUITests */,
			);
		};
/* End PBXProject section */

/* Begin PBXResourcesBuildPhase section */
		8427D5DC25B945FC00183BF7 /* Resources */ = {
			isa = PBXResourcesBuildPhase;
			buildActionMask = 2147483647;
			files = (
				8427D5EE25B9460500183BF7 /* LaunchScreen.storyboard in Resources */,
				8427D5EB25B9460500183BF7 /* Assets.xcassets in Resources */,
				8427D5E925B945FC00183BF7 /* Main.storyboard in Resources */,
			);
			runOnlyForDeploymentPostprocessing = 0;
		};
		8427D5F225B9460500183BF7 /* Resources */ = {
			isa = PBXResourcesBuildPhase;
			buildActionMask = 2147483647;
			files = (
			);
			runOnlyForDeploymentPostprocessing = 0;
		};
		8427D5FD25B9460600183BF7 /* Resources */ = {
			isa = PBXResourcesBuildPhase;
			buildActionMask = 2147483647;
			files = (
			);
			runOnlyForDeploymentPostprocessing = 0;
		};
/* End PBXResourcesBuildPhase section */

/* Begin PBXSourcesBuildPhase section */
		8427D5DA25B945FC00183BF7 /* Sources */ = {
			isa = PBXSourcesBuildPhase;
			buildActionMask = 2147483647;
			files = (
				8427D5E625B945FC00183BF7 /* ViewController.swift in Sources */,
				8411EB7025B9B98B00065143 /* tabbar.swift in Sources */,
				8427D5E225B945FC00183BF7 /* AppDelegate.swift in Sources */,
				8427D61425B9855A00183BF7 /* SignupViewController.swift in Sources */,
				8427D5E425B945FC00183BF7 /* SceneDelegate.swift in Sources */,
				8427D61225B95FD500183BF7 /* FloatingPlaceholder.swift in Sources */,
			);
			runOnlyForDeploymentPostprocessing = 0;
		};
		8427D5F025B9460500183BF7 /* Sources */ = {
			isa = PBXSourcesBuildPhase;
			buildActionMask = 2147483647;
			files = (
				8427D5F925B9460500183BF7 /* BasicProjectTests.swift in Sources */,
			);
			runOnlyForDeploymentPostprocessing = 0;
		};
		8427D5FB25B9460600183BF7 /* Sources */ = {
			isa = PBXSourcesBuildPhase;
			buildActionMask = 2147483647;
			files = (
				8427D60425B9460600183BF7 /* BasicProjectUITests.swift in Sources */,
			);
			runOnlyForDeploymentPostprocessing = 0;
		};
/* End PBXSourcesBuildPhase section */

/* Begin PBXTargetDependency section */
		8427D5F625B9460500183BF7 /* PBXTargetDependency */ = {
			isa = PBXTargetDependency;
			target = 8427D5DD25B945FC00183BF7 /* BasicProject */;
			targetProxy = 8427D5F525B9460500183BF7 /* PBXContainerItemProxy */;
		};
		8427D60125B9460600183BF7 /* PBXTargetDependency */ = {
			isa = PBXTargetDependency;
			target = 8427D5DD25B945FC00183BF7 /* BasicProject */;
			targetProxy = 8427D60025B9460600183BF7 /* PBXContainerItemProxy */;
		};
/* End PBXTargetDependency section */

/* Begin PBXVariantGroup section */
		8427D5E725B945FC00183BF7 /* Main.storyboard */ = {
			isa = PBXVariantGroup;
			children = (
				8427D5E825B945FC00183BF7 /* Base */,
			);
			name = Main.storyboard;
			sourceTree = "<group>";
		};
		8427D5EC25B9460500183BF7 /* LaunchScreen.storyboard */ = {
			isa = PBXVariantGroup;
			children = (
				8427D5ED25B9460500183BF7 /* Base */,
			);
			name = LaunchScreen.storyboard;
			sourceTree = "<group>";
		};
/* End PBXVariantGroup section */

/* Begin XCBuildConfiguration section */
		8427D60625B9460600183BF7 /* Debug */ = {
			isa = XCBuildConfiguration;
			buildSettings = {
				ALWAYS_SEARCH_USER_PATHS = NO;
				CLANG_ANALYZER_NONNULL = YES;
				CLANG_ANALYZER_NUMBER_OBJECT_CONVERSION = YES_AGGRESSIVE;
				CLANG_CXX_LANGUAGE_STANDARD = "gnu++14";
				CLANG_CXX_LIBRARY = "libc++";
				CLANG_ENABLE_MODULES = YES;
				CLANG_ENABLE_OBJC_ARC = YES;
				CLANG_ENABLE_OBJC_WEAK = YES;
				CLANG_WARN_BLOCK_CAPTURE_AUTORELEASING = YES;
				CLANG_WARN_BOOL_CONVERSION = YES;
				CLANG_WARN_COMMA = YES;
				CLANG_WARN_CONSTANT_CONVERSION = YES;
				CLANG_WARN_DEPRECATED_OBJC_IMPLEMENTATIONS = YES;
				CLANG_WARN_DIRECT_OBJC_ISA_USAGE = YES_ERROR;
				CLANG_WARN_DOCUMENTATION_COMMENTS = YES;
				CLANG_WARN_EMPTY_BODY = YES;
				CLANG_WARN_ENUM_CONVERSION = YES;
				CLANG_WARN_INFINITE_RECURSION = YES;
				CLANG_WARN_INT_CONVERSION = YES;
				CLANG_WARN_NON_LITERAL_NULL_CONVERSION = YES;
				CLANG_WARN_OBJC_IMPLICIT_RETAIN_SELF = YES;
				CLANG_WARN_OBJC_LITERAL_CONVERSION = YES;
				CLANG_WARN_OBJC_ROOT_CLASS = YES_ERROR;
				CLANG_WARN_RANGE_LOOP_ANALYSIS = YES;
				CLANG_WARN_STRICT_PROTOTYPES = YES;
				CLANG_WARN_SUSPICIOUS_MOVE = YES;
				CLANG_WARN_UNGUARDED_AVAILABILITY = YES_AGGRESSIVE;
				CLANG_WARN_UNREACHABLE_CODE = YES;
				CLANG_WARN__DUPLICATE_METHOD_MATCH = YES;
				COPY_PHASE_STRIP = NO;
				DEBUG_INFORMATION_FORMAT = dwarf;
				ENABLE_STRICT_OBJC_MSGSEND = YES;
				ENABLE_TESTABILITY = YES;
				GCC_C_LANGUAGE_STANDARD = gnu11;
				GCC_DYNAMIC_NO_PIC = NO;
				GCC_NO_COMMON_BLOCKS = YES;
				GCC_OPTIMIZATION_LEVEL = 0;
				GCC_PREPROCESSOR_DEFINITIONS = (
					"DEBUG=1",
					"$(inherited)",
				);
				GCC_WARN_64_TO_32_BIT_CONVERSION = YES;
				GCC_WARN_ABOUT_RETURN_TYPE = YES_ERROR;
				GCC_WARN_UNDECLARED_SELECTOR = YES;
				GCC_WARN_UNINITIALIZED_AUTOS = YES_AGGRESSIVE;
				GCC_WARN_UNUSED_FUNCTION = YES;
				GCC_WARN_UNUSED_VARIABLE = YES;
				IPHONEOS_DEPLOYMENT_TARGET = 13.2;
				MTL_ENABLE_DEBUG_INFO = INCLUDE_SOURCE;
				MTL_FAST_MATH = YES;
				ONLY_ACTIVE_ARCH = YES;
				SDKROOT = iphoneos;
				SWIFT_ACTIVE_COMPILATION_CONDITIONS = DEBUG;
				SWIFT_OPTIMIZATION_LEVEL = "-Onone";
			};
			name = Debug;
		};
		8427D60725B9460600183BF7 /* Release */ = {
			isa = XCBuildConfiguration;
			buildSettings = {
				ALWAYS_SEARCH_USER_PATHS = NO;
				CLANG_ANALYZER_NONNULL = YES;
				CLANG_ANALYZER_NUMBER_OBJECT_CONVERSION = YES_AGGRESSIVE;
				CLANG_CXX_LANGUAGE_STANDARD = "gnu++14";
				CLANG_CXX_LIBRARY = "libc++";
				CLANG_ENABLE_MODULES = YES;
				CLANG_ENABLE_OBJC_ARC = YES;
				CLANG_ENABLE_OBJC_WEAK = YES;
				CLANG_WARN_BLOCK_CAPTURE_AUTORELEASING = YES;
				CLANG_WARN_BOOL_CONVERSION = YES;
				CLANG_WARN_COMMA = YES;
				CLANG_WARN_CONSTANT_CONVERSION = YES;
				CLANG_WARN_DEPRECATED_OBJC_IMPLEMENTATIONS = YES;
				CLANG_WARN_DIRECT_OBJC_ISA_USAGE = YES_ERROR;
				CLANG_WARN_DOCUMENTATION_COMMENTS = YES;
				CLANG_WARN_EMPTY_BODY = YES;
				CLANG_WARN_ENUM_CONVERSION = YES;
				CLANG_WARN_INFINITE_RECURSION = YES;
				CLANG_WARN_INT_CONVERSION = YES;
				CLANG_WARN_NON_LITERAL_NULL_CONVERSION = YES;
				CLANG_WARN_OBJC_IMPLICIT_RETAIN_SELF = YES;
				CLANG_WARN_OBJC_LITERAL_CONVERSION = YES;
				CLANG_WARN_OBJC_ROOT_CLASS = YES_ERROR;
				CLANG_WARN_RANGE_LOOP_ANALYSIS = YES;
				CLANG_WARN_STRICT_PROTOTYPES = YES;
				CLANG_WARN_SUSPICIOUS_MOVE = YES;
				CLANG_WARN_UNGUARDED_AVAILABILITY = YES_AGGRESSIVE;
				CLANG_WARN_UNREACHABLE_CODE = YES;
				CLANG_WARN__DUPLICATE_METHOD_MATCH = YES;
				COPY_PHASE_STRIP = NO;
				DEBUG_INFORMATION_FORMAT = "dwarf-with-dsym";
				ENABLE_NS_ASSERTIONS = NO;
				ENABLE_STRICT_OBJC_MSGSEND = YES;
				GCC_C_LANGUAGE_STANDARD = gnu11;
				GCC_NO_COMMON_BLOCKS = YES;
				GCC_WARN_64_TO_32_BIT_CONVERSION = YES;
				GCC_WARN_ABOUT_RETURN_TYPE = YES_ERROR;
				GCC_WARN_UNDECLARED_SELECTOR = YES;
				GCC_WARN_UNINITIALIZED_AUTOS = YES_AGGRESSIVE;
				GCC_WARN_UNUSED_FUNCTION = YES;
				GCC_WARN_UNUSED_VARIABLE = YES;
				IPHONEOS_DEPLOYMENT_TARGET = 13.2;
				MTL_ENABLE_DEBUG_INFO = NO;
				MTL_FAST_MATH = YES;
				SDKROOT = iphoneos;
				SWIFT_COMPILATION_MODE = wholemodule;
				SWIFT_OPTIMIZATION_LEVEL = "-O";
				VALIDATE_PRODUCT = YES;
			};
			name = Release;
		};
		8427D60925B9460600183BF7 /* Debug */ = {
			isa = XCBuildConfiguration;
			buildSettings = {
				ASSETCATALOG_COMPILER_APPICON_NAME = AppIcon;
				CODE_SIGN_STYLE = Automatic;
				DEVELOPMENT_TEAM = LJU967HU58;
				INFOPLIST_FILE = BasicProject/Info.plist;
				LD_RUNPATH_SEARCH_PATHS = (
					"$(inherited)",
					"@executable_path/Frameworks",
				);
				PRODUCT_BUNDLE_IDENTIFIER = com.MacApp.BasicProject;
				PRODUCT_NAME = "$(TARGET_NAME)";
				SWIFT_VERSION = 5.0;
				TARGETED_DEVICE_FAMILY = "1,2";
			};
			name = Debug;
		};
		8427D60A25B9460600183BF7 /* Release */ = {
			isa = XCBuildConfiguration;
			buildSettings = {
				ASSETCATALOG_COMPILER_APPICON_NAME = AppIcon;
				CODE_SIGN_STYLE = Automatic;
				DEVELOPMENT_TEAM = LJU967HU58;
				INFOPLIST_FILE = BasicProject/Info.plist;
				LD_RUNPATH_SEARCH_PATHS = (
					"$(inherited)",
					"@executable_path/Frameworks",
				);
				PRODUCT_BUNDLE_IDENTIFIER = com.MacApp.BasicProject;
				PRODUCT_NAME = "$(TARGET_NAME)";
				SWIFT_VERSION = 5.0;
				TARGETED_DEVICE_FAMILY = "1,2";
			};
			name = Release;
		};
		8427D60C25B9460600183BF7 /* Debug */ = {
			isa = XCBuildConfiguration;
			buildSettings = {
				ALWAYS_EMBED_SWIFT_STANDARD_LIBRARIES = YES;
				BUNDLE_LOADER = "$(TEST_HOST)";
				CODE_SIGN_STYLE = Automatic;
				DEVELOPMENT_TEAM = LJU967HU58;
				INFOPLIST_FILE = BasicProjectTests/Info.plist;
				IPHONEOS_DEPLOYMENT_TARGET = 13.2;
				LD_RUNPATH_SEARCH_PATHS = (
					"$(inherited)",
					"@executable_path/Frameworks",
					"@loader_path/Frameworks",
				);
				PRODUCT_BUNDLE_IDENTIFIER = com.MacApp.BasicProjectTests;
				PRODUCT_NAME = "$(TARGET_NAME)";
				SWIFT_VERSION = 5.0;
				TARGETED_DEVICE_FAMILY = "1,2";
				TEST_HOST = "$(BUILT_PRODUCTS_DIR)/BasicProject.app/BasicProject";
			};
			name = Debug;
		};
		8427D60D25B9460600183BF7 /* Release */ = {
			isa = XCBuildConfiguration;
			buildSettings = {
				ALWAYS_EMBED_SWIFT_STANDARD_LIBRARIES = YES;
				BUNDLE_LOADER = "$(TEST_HOST)";
				CODE_SIGN_STYLE = Automatic;
				DEVELOPMENT_TEAM = LJU967HU58;
				INFOPLIST_FILE = BasicProjectTests/Info.plist;
				IPHONEOS_DEPLOYMENT_TARGET = 13.2;
				LD_RUNPATH_SEARCH_PATHS = (
					"$(inherited)",
					"@executable_path/Frameworks",
					"@loader_path/Frameworks",
				);
				PRODUCT_BUNDLE_IDENTIFIER = com.MacApp.BasicProjectTests;
				PRODUCT_NAME = "$(TARGET_NAME)";
				SWIFT_VERSION = 5.0;
				TARGETED_DEVICE_FAMILY = "1,2";
				TEST_HOST = "$(BUILT_PRODUCTS_DIR)/BasicProject.app/BasicProject";
			};
			name = Release;
		};
		8427D60F25B9460600183BF7 /* Debug */ = {
			isa = XCBuildConfiguration;
			buildSettings = {
				ALWAYS_EMBED_SWIFT_STANDARD_LIBRARIES = YES;
				CODE_SIGN_STYLE = Automatic;
				DEVELOPMENT_TEAM = LJU967HU58;
				INFOPLIST_FILE = BasicProjectUITests/Info.plist;
				LD_RUNPATH_SEARCH_PATHS = (
					"$(inherited)",
					"@executable_path/Frameworks",
					"@loader_path/Frameworks",
				);
				PRODUCT_BUNDLE_IDENTIFIER = com.MacApp.BasicProjectUITests;
				PRODUCT_NAME = "$(TARGET_NAME)";
				SWIFT_VERSION = 5.0;
				TARGETED_DEVICE_FAMILY = "1,2";
				TEST_TARGET_NAME = BasicProject;
			};
			name = Debug;
		};
		8427D61025B9460600183BF7 /* Release */ = {
			isa = XCBuildConfiguration;
			buildSettings = {
				ALWAYS_EMBED_SWIFT_STANDARD_LIBRARIES = YES;
				CODE_SIGN_STYLE = Automatic;
				DEVELOPMENT_TEAM = LJU967HU58;
				INFOPLIST_FILE = BasicProjectUITests/Info.plist;
				LD_RUNPATH_SEARCH_PATHS = (
					"$(inherited)",
					"@executable_path/Frameworks",
					"@loader_path/Frameworks",
				);
				PRODUCT_BUNDLE_IDENTIFIER = com.MacApp.BasicProjectUITests;
				PRODUCT_NAME = "$(TARGET_NAME)";
				SWIFT_VERSION = 5.0;
				TARGETED_DEVICE_FAMILY = "1,2";
				TEST_TARGET_NAME = BasicProject;
			};
			name = Release;
		};
/* End XCBuildConfiguration section */

/* Begin XCConfigurationList section */
		8427D5D925B945FC00183BF7 /* Build configuration list for PBXProject "BasicProject" */ = {
			isa = XCConfigurationList;
			buildConfigurations = (
				8427D60625B9460600183BF7 /* Debug */,
				8427D60725B9460600183BF7 /* Release */,
			);
			defaultConfigurationIsVisible = 0;
			defaultConfigurationName = Release;
		};
		8427D60825B9460600183BF7 /* Build configuration list for PBXNativeTarget "BasicProject" */ = {
			isa = XCConfigurationList;
			buildConfigurations = (
				8427D60925B9460600183BF7 /* Debug */,
				8427D60A25B9460600183BF7 /* Release */,
			);
			defaultConfigurationIsVisible = 0;
			defaultConfigurationName = Release;
		};
		8427D60B25B9460600183BF7 /* Build configuration list for PBXNativeTarget "BasicProjectTests" */ = {
			isa = XCConfigurationList;
			buildConfigurations = (
				8427D60C25B9460600183BF7 /* Debug */,
				8427D60D25B9460600183BF7 /* Release */,
			);
			defaultConfigurationIsVisible = 0;
			defaultConfigurationName = Release;
		};
		8427D60E25B9460600183BF7 /* Build configuration list for PBXNativeTarget "BasicProjectUITests" */ = {
			isa = XCConfigurationList;
			buildConfigurations = (
				8427D60F25B9460600183BF7 /* Debug */,
				8427D61025B9460600183BF7 /* Release */,
			);
			defaultConfigurationIsVisible = 0;
			defaultConfigurationName = Release;
		};
/* End XCConfigurationList section */
	};
	rootObject = 8427D5D625B945FC00183BF7 /* Project object */;
}
